{
  "name": "smart-conda-workspace",
  "version": "2.0.2",
  "lockfileVersion": 3,
  "requires": true,
  "packages": {
    "": {
      "name": "smart-conda-workspace",
      "version": "2.0.2",
      "license": "MIT",
      "engines": {
        "node": ">=16.0.0",
        "vscode": "^1.75.0"
      }
    }
  }
}
